
Microsoft Visual Studio Solution File, Format Version 12.00
# Visual Studio Version 16
VisualStudioVersion = 16.0.29509.3
MinimumVisualStudioVersion = 10.0.40219.1
Project("{FAE04EC0-301F-11D3-BF4B-00C04F79EFBC}") = "MERCY.Web.BackEnd", "MERCY.Web.BackEnd\MERCY.Web.BackEnd.csproj", "{D950B9F2-CD7E-4EA6-AAA0-EADC2911874D}"
EndProject
Project("{FAE04EC0-301F-11D3-BF4B-00C04F79EFBC}") = "MERCY.Data", "MERCY.Data\MERCY.Data.csproj", "{ADA91030-296A-4D44-8578-6284A6FD02E2}"
EndProject
Project("{2150E333-8FDC-42A3-9474-1A3956D46DE8}") = "ERD", "ERD", "{359381AE-11BB-4329-9ED6-32747A499092}"
EndProject
Project("{FAE04EC0-301F-11D3-BF4B-00C04F79EFBC}") = "MERCY.ERD", "ERD\MERCY.ERD\MERCY.ERD.csproj", "{CEA768DE-EC5B-41C7-9377-FB0B38D1A997}"
EndProject
Global
	GlobalSection(SolutionConfigurationPlatforms) = preSolution
		Debug|Any CPU = Debug|Any CPU
		Release|Any CPU = Release|Any CPU
	EndGlobalSection
	GlobalSection(ProjectConfigurationPlatforms) = postSolution
		{D950B9F2-CD7E-4EA6-AAA0-EADC2911874D}.Debug|Any CPU.ActiveCfg = Debug|Any CPU
		{D950B9F2-CD7E-4EA6-AAA0-EADC2911874D}.Debug|Any CPU.Build.0 = Debug|Any CPU
		{D950B9F2-CD7E-4EA6-AAA0-EADC2911874D}.Release|Any CPU.ActiveCfg = Release|Any CPU
		{D950B9F2-CD7E-4EA6-AAA0-EADC2911874D}.Release|Any CPU.Build.0 = Release|Any CPU
		{ADA91030-296A-4D44-8578-6284A6FD02E2}.Debug|Any CPU.ActiveCfg = Debug|Any CPU
		{ADA91030-296A-4D44-8578-6284A6FD02E2}.Debug|Any CPU.Build.0 = Debug|Any CPU
		{ADA91030-296A-4D44-8578-6284A6FD02E2}.Release|Any CPU.ActiveCfg = Release|Any CPU
		{ADA91030-296A-4D44-8578-6284A6FD02E2}.Release|Any CPU.Build.0 = Release|Any CPU
		{CEA768DE-EC5B-41C7-9377-FB0B38D1A997}.Debug|Any CPU.ActiveCfg = Debug|Any CPU
		{CEA768DE-EC5B-41C7-9377-FB0B38D1A997}.Debug|Any CPU.Build.0 = Debug|Any CPU
		{CEA768DE-EC5B-41C7-9377-FB0B38D1A997}.Release|Any CPU.ActiveCfg = Release|Any CPU
		{CEA768DE-EC5B-41C7-9377-FB0B38D1A997}.Release|Any CPU.Build.0 = Release|Any CPU
	EndGlobalSection
	GlobalSection(SolutionProperties) = preSolution
		HideSolutionNode = FALSE
	EndGlobalSection
	GlobalSection(NestedProjects) = preSolution
		{CEA768DE-EC5B-41C7-9377-FB0B38D1A997} = {359381AE-11BB-4329-9ED6-32747A499092}
	EndGlobalSection
	GlobalSection(ExtensibilityGlobals) = postSolution
		SolutionGuid = {A6358548-3550-4884-8F21-42EE7887A45C}
	EndGlobalSection
EndGlobal
